{
  "version": "3",
  "remote": {
    "https://cdn.esm.sh/v77/@babel/runtime@7.17.9/deno/helpers/esm/objectSpread2.js": "6245f7480f3bfdee6b24f5ca4f5eb1880e0f97cc973ad41209714b0cbe53cafe",
    "https://cdn.esm.sh/v77/@reduxjs/toolkit@1.8.1/deno/toolkit.js": "1e3f6a8ac2273ef6247f848ba3386e308ec6bb611343a1ed95453ded489179bb",
    "https://cdn.esm.sh/v77/immer@9.0.12/deno/immer.js": "a7b5780c1f5834e01225161b2f41a8589cf7f5daf0a5caefb1e78d2b1e66565f",
    "https://cdn.esm.sh/v77/redux-thunk@2.4.1/deno/redux-thunk.js": "b2d32418fcca66efed41ad77916776518a7f4da3d2851e68967ae50b44fa3044",
    "https://cdn.esm.sh/v77/redux@4.1.2/deno/redux.js": "895ba1f6c72916dc4e7c3322857628dcfd0e617e51681ed8d2f0ac40cc45ac1a",
    "https://cdn.esm.sh/v77/reselect@4.1.5/deno/reselect.js": "c673a7510fc14cd7ba903b88e044fa4d310e8921fb4f356ee5bd676f88fecd38",
    "https://deno.land/std@0.102.0/_util/assert.ts": "2f868145a042a11d5ad0a3c748dcf580add8a0dbc0e876eaa0026303a5488f58",
    "https://deno.land/std@0.102.0/bytes/bytes_list.ts": "a13287edb03f19d27ba4927dec6d6de3e5bd46254cd4aee6f7e5815810122673",
    "https://deno.land/std@0.102.0/bytes/mod.ts": "1ae1ccfe98c4b979f12b015982c7444f81fcb921bea7aa215bf37d84f46e1e13",
    "https://deno.land/std@0.102.0/fmt/colors.ts": "d2f8355f00a74404668fc5a1e4a92983ce1a9b0a6ac1d40efbd681cb8f519586",
    "https://deno.land/std@0.102.0/io/buffer.ts": "3ead6bb11276ebcf093c403f74f67fd2205a515dbbb9061862c468ca56f37cd8",
    "https://deno.land/std@0.102.0/io/bufio.ts": "6024117aa37f8d21a116654bd5ca5191d803f6492bbc744e3cee5054d0e900d1",
    "https://deno.land/std@0.102.0/io/ioutil.ts": "3c6b7c8be3b8cd19746de028c40063193578612244a935dcc27be9f3ff343b0c",
    "https://deno.land/std@0.102.0/io/mod.ts": "ae04a3f647845dd8ce0a523c208f80636d0640d9e5c730f0e6272cf86c1c0855",
    "https://deno.land/std@0.102.0/io/readers.ts": "17403919724fef2f343c88555606368868a5c752a1099ad801f6a381c170f62d",
    "https://deno.land/std@0.102.0/io/streams.ts": "49e487fdf14b3df109d3cc8e85cc64eb4b350e8a6c76e534b2fd0d47bd374341",
    "https://deno.land/std@0.102.0/io/util.ts": "2dc42adca801a8d2be9074cebd3be9b693667e07e0edb545fcab906b27514149",
    "https://deno.land/std@0.102.0/io/writers.ts": "5453864be11da42dc91f19eb14c0a0e27e9e7f21f5c7174f5419921a6ab64fda",
    "https://deno.land/std@0.102.0/testing/_diff.ts": "5d3693155f561d1a5443ac751ac70aab9f5d67b4819a621d4b96b8a1a1c89620",
    "https://deno.land/std@0.102.0/testing/asserts.ts": "40740a6a16efd07e052cac8280a8c7c445a81131f00a2bd5d8c3e851dfa2ef90",
    "https://deno.land/std@0.130.0/_util/assert.ts": "e94f2eb37cebd7f199952e242c77654e43333c1ac4c5c700e929ea3aa5489f74",
    "https://deno.land/std@0.130.0/async/abortable.ts": "a896ac6b0d4237bd2d2d248217cfa1f0d85ccda93cb25ebda55e33850e526be6",
    "https://deno.land/std@0.130.0/async/deadline.ts": "48ac998d7564969f3e6ec6b6f9bf0217ebd00239b1b2292feba61272d5dd58d0",
    "https://deno.land/std@0.130.0/async/debounce.ts": "564273ef242bcfcda19a439132f940db8694173abffc159ea34f07d18fc42620",
    "https://deno.land/std@0.130.0/async/deferred.ts": "bc18e28108252c9f67dfca2bbc4587c3cbf3aeb6e155f8c864ca8ecff992b98a",
    "https://deno.land/std@0.130.0/async/delay.ts": "cbbdf1c87d1aed8edc7bae13592fb3e27e3106e0748f089c263390d4f49e5f6c",
    "https://deno.land/std@0.130.0/async/mod.ts": "2240c6841157738414331f47dee09bb8c0482c5b1980b6e3234dd03515c8132f",
    "https://deno.land/std@0.130.0/async/mux_async_iterator.ts": "f4d1d259b0c694d381770ddaaa4b799a94843eba80c17f4a2ec2949168e52d1e",
    "https://deno.land/std@0.130.0/async/pool.ts": "97b0dd27c69544e374df857a40902e74e39532f226005543eabacb551e277082",
    "https://deno.land/std@0.130.0/async/tee.ts": "1341feb1f5b1a96f8628d0f8fc07d8c43d3813423f18a63bf1b4785568d21b1f",
    "https://deno.land/std@0.130.0/bytes/bytes_list.ts": "67eb118e0b7891d2f389dad4add35856f4ad5faab46318ff99653456c23b025d",
    "https://deno.land/std@0.130.0/bytes/equals.ts": "fc16dff2090cced02497f16483de123dfa91e591029f985029193dfaa9d894c9",
    "https://deno.land/std@0.130.0/bytes/mod.ts": "d3b455c0dbd4804644159d1e25946ade5ee385d2359894de49e2c6101b18b7a9",
    "https://deno.land/std@0.130.0/io/buffer.ts": "bd0c4bf53db4b4be916ca5963e454bddfd3fcd45039041ea161dbf826817822b",
    "https://deno.land/std@0.130.0/streams/buffer.ts": "ee47194022d47fa23d4749b8afbadc83c237c4595467a9bddb322af0dd205815",
    "https://deno.land/std@0.130.0/streams/conversion.ts": "712585bfa0172a97fb68dd46e784ae8ad59d11b88079d6a4ab098ff42e697d21",
    "https://deno.land/std@0.130.0/streams/delimiter.ts": "75595345f14eb268d2f5edfd20600c9956f61499a36697baabef8043897bc50b",
    "https://deno.land/std@0.130.0/streams/merge.ts": "89faf7dcda7e010f1e01dfc555d609c66d9fb2c834b7aa457a63cc70a25c3817",
    "https://deno.land/std@0.130.0/streams/mod.ts": "5f47811c2e983518cc0c82f323924b6a9bb1f5bf948cd6d498ff6aed77ada51c",
    "https://deno.land/std@0.133.0/_util/assert.ts": "e94f2eb37cebd7f199952e242c77654e43333c1ac4c5c700e929ea3aa5489f74",
    "https://deno.land/std@0.133.0/async/abortable.ts": "87aa7230be8360c24ad437212311c9e8d4328854baec27b4c7abb26e85515c06",
    "https://deno.land/std@0.133.0/async/deadline.ts": "48ac998d7564969f3e6ec6b6f9bf0217ebd00239b1b2292feba61272d5dd58d0",
    "https://deno.land/std@0.133.0/async/debounce.ts": "564273ef242bcfcda19a439132f940db8694173abffc159ea34f07d18fc42620",
    "https://deno.land/std@0.133.0/async/deferred.ts": "bc18e28108252c9f67dfca2bbc4587c3cbf3aeb6e155f8c864ca8ecff992b98a",
    "https://deno.land/std@0.133.0/async/delay.ts": "cbbdf1c87d1aed8edc7bae13592fb3e27e3106e0748f089c263390d4f49e5f6c",
    "https://deno.land/std@0.133.0/async/mod.ts": "2240c6841157738414331f47dee09bb8c0482c5b1980b6e3234dd03515c8132f",
    "https://deno.land/std@0.133.0/async/mux_async_iterator.ts": "f4d1d259b0c694d381770ddaaa4b799a94843eba80c17f4a2ec2949168e52d1e",
    "https://deno.land/std@0.133.0/async/pool.ts": "97b0dd27c69544e374df857a40902e74e39532f226005543eabacb551e277082",
    "https://deno.land/std@0.133.0/async/tee.ts": "1341feb1f5b1a96f8628d0f8fc07d8c43d3813423f18a63bf1b4785568d21b1f",
    "https://deno.land/std@0.133.0/bytes/bytes_list.ts": "67eb118e0b7891d2f389dad4add35856f4ad5faab46318ff99653456c23b025d",
    "https://deno.land/std@0.133.0/bytes/equals.ts": "a60ef9f01fb6e06a4e0343fc44d53d39d12dd66bc3f09ac8e6eb9cc1a6335e48",
    "https://deno.land/std@0.133.0/bytes/mod.ts": "4cef6fe8f0de217b9babbcbb0a566402b667f18a8e6d094a45e5fb3fc1afff70",
    "https://deno.land/std@0.133.0/io/buffer.ts": "bd0c4bf53db4b4be916ca5963e454bddfd3fcd45039041ea161dbf826817822b",
    "https://deno.land/std@0.133.0/streams/buffer.ts": "ee47194022d47fa23d4749b8afbadc83c237c4595467a9bddb322af0dd205815",
    "https://deno.land/std@0.133.0/streams/conversion.ts": "712585bfa0172a97fb68dd46e784ae8ad59d11b88079d6a4ab098ff42e697d21",
    "https://deno.land/std@0.133.0/streams/delimiter.ts": "75595345f14eb268d2f5edfd20600c9956f61499a36697baabef8043897bc50b",
    "https://deno.land/std@0.133.0/streams/merge.ts": "89faf7dcda7e010f1e01dfc555d609c66d9fb2c834b7aa457a63cc70a25c3817",
    "https://deno.land/std@0.133.0/streams/mod.ts": "5f47811c2e983518cc0c82f323924b6a9bb1f5bf948cd6d498ff6aed77ada51c",
    "https://deno.land/std@0.136.0/fmt/colors.ts": "30455035d6d728394781c10755351742dd731e3db6771b1843f9b9e490104d37",
    "https://deno.land/std@0.136.0/testing/_diff.ts": "d8743b5c15d34eb58ae7e4ad43295ee1c7a935029b460a056d901f3aefcead45",
    "https://deno.land/std@0.136.0/testing/_format.ts": "0d8dc79eab15b67cdc532826213bbe05bccfd276ca473a50a3fc7bbfb7260642",
    "https://deno.land/std@0.136.0/testing/asserts.ts": "61d85fc80f548a6e1e66d93fb7874a2c9e097aeecc00643c5f4f340370cde56f",
    "https://deno.land/std@0.136.0/testing/mock.ts": "769fa500a3bd0d0f3f18150b589ccfd507fb757e2eba2d6c6d9bcf9a443779e4",
    "https://deno.land/std@0.158.0/_util/assert.ts": "e94f2eb37cebd7f199952e242c77654e43333c1ac4c5c700e929ea3aa5489f74",
    "https://deno.land/std@0.158.0/bytes/bytes_list.ts": "aba5e2369e77d426b10af1de0dcc4531acecec27f9b9056f4f7bfbf8ac147ab4",
    "https://deno.land/std@0.158.0/bytes/equals.ts": "3c3558c3ae85526f84510aa2b48ab2ad7bdd899e2e0f5b7a8ffc85acb3a6043a",
    "https://deno.land/std@0.158.0/bytes/mod.ts": "763f97d33051cc3f28af1a688dfe2830841192a9fea0cbaa55f927b49d49d0bf",
    "https://deno.land/std@0.158.0/fmt/colors.ts": "ff7dc9c9f33a72bd48bc24b21bbc1b4545d8494a431f17894dbc5fe92a938fc4",
    "https://deno.land/std@0.158.0/fs/exists.ts": "3661a679d9018338df5df7cd9fc7cd918f5e447e7304a5391f849a893ce24107",
    "https://deno.land/std@0.158.0/io/buffer.ts": "fae02290f52301c4e0188670e730cd902f9307fb732d79c4aa14ebdc82497289",
    "https://deno.land/std@0.158.0/log/handlers.ts": "1d73169d25607a3b62b83f39bd83743d61e49aff1481e12f4e078af9ee9f60ce",
    "https://deno.land/std@0.158.0/log/levels.ts": "82c965b90f763b5313e7595d4ba78d5095a13646d18430ebaf547526131604d1",
    "https://deno.land/std@0.158.0/log/logger.ts": "b545159727b023825ee6814d9178fb2a7472f8d95d704c253b771b95c658cf8c",
    "https://deno.land/std@0.158.0/log/mod.ts": "62d56c28e8fbaa0f6c8b6df41cb31e47c51ae8a93e78559612ecb5a4f76d7424",
    "https://deno.land/std@0.209.0/async/delay.ts": "d414b6ff5b597a3b8a90b1b860b675062a106ad0e311816256f4696aa40ec1a1",
    "https://deno.land/std@0.209.0/data_structures/_binary_search_node.ts": "8d99dd95901d73a0edbe105826ef7ce0e1111ce184d2d0410dbfda172c9ebf35",
    "https://deno.land/std@0.209.0/data_structures/_red_black_node.ts": "040cdc47e2aee8c92ef3c0bb5526f25e2b6cbfef6ae86f159fe077e70722f0ca",
    "https://deno.land/std@0.209.0/data_structures/binary_search_tree.ts": "4e802f02125c45e17cd71ae1a2a9dedff8d3a31df0585a9d7ce1fbcf46960c20",
    "https://deno.land/std@0.209.0/data_structures/comparators.ts": "fa7f9a44cea1d270098a2a5a6f8bb30c61b595c1b1f983bd67c6297d766adffa",
    "https://deno.land/std@0.209.0/data_structures/red_black_tree.ts": "5cd84d7715159898a64fbbbf79026d2eac16f9eacd475656d22b7017148bfa33",
    "https://deno.land/std@0.209.0/testing/_time.ts": "fecaf6fc7277d240d11b0de2e93b1c93ebbb4a3a61f0cb0b1741f66f69a4d22b",
    "https://deno.land/std@0.209.0/testing/time.ts": "1cc627e57c88978f7cea074d762f1a6b002c7278e496ef4cb0b8d025d52f155a",
    "https://deno.land/x/eventemitter@1.2.4/mod.ts": "78bc13c227d8ab547aa42a1c09c233001603770b2a64334a5a7798e4f2cae7c1",
    "https://deno.land/x/iter@v2.3.0/fp.ts": "0cbef71e955dbeed32b293d4fa034c065626669548f776d5c0c692cdcd28496e",
    "https://deno.land/x/iter@v2.3.0/lib/combiners.ts": "e5534fae89e34b0b40c9afcad678669c94ba1392eaf227e8f4f2dbb47667fb0a",
    "https://deno.land/x/iter@v2.3.0/lib/effectors.ts": "fb2b44c0209d8e8f5ae03b7a89079706c424b6e0ed36460d5e249803c3a29384",
    "https://deno.land/x/iter@v2.3.0/lib/generators.ts": "c1dc70f4e198d0242959262dfb4dd4749e72e4ec7daed2954bba526ab85482e9",
    "https://deno.land/x/iter@v2.3.0/lib/internal/util.ts": "c9d046caa7c4a25d876e5420472dd93de612eb671c4e8688a111ba2a899e6f16",
    "https://deno.land/x/iter@v2.3.0/lib/reducers.ts": "2f0d3ca1287b67e21dbcc703b4432414d2a6146033216b2c15adbc8efc799b0b",
    "https://deno.land/x/iter@v2.3.0/lib/transformers.ts": "48890b3c7ef1a4bc59632d969afc44146c63b4d331ecf2712b5249aaf0d36177",
    "https://deno.land/x/iter@v2.3.0/lib/types.ts": "3f1b1eda7daa7daeb11990cf903f4517b4ed37679165b9b8fa8d2e43a2bef8e2",
    "https://deno.land/x/iter@v2.3.0/mod.ts": "efbaa10fc295f2c01002a501339f6f761ee02d1907a982c551b64ab025ac860c",
    "https://deno.land/x/iter@v2.3.0/version.ts": "a885ff0ca4553117193e6a3dca2bc4714ac8387181ba4a48abecd51b433c5c66",
    "https://deno.land/x/itertools@v1.0.2/builtins.ts": "8162bfe991ec70ef06e3f337395ca28948072add021e048cc9e7fb1c51b4b201",
    "https://deno.land/x/itertools@v1.0.2/custom.ts": "f89f6e9c08de0e19869984f9cd50f2655c7fbf24bba6029f28e2fcf3df871eb6",
    "https://deno.land/x/itertools@v1.0.2/itertools.ts": "e6819a5e7a657111cca525bc2afb41562d824c064a83094ce1b6e27373613169",
    "https://deno.land/x/itertools@v1.0.2/mod.ts": "6dec1148573382dcd798aadc7dba2ea0981d06dea837978c18fd1e2628461682",
    "https://deno.land/x/itertools@v1.0.2/more-itertools.ts": "488dfd9d71a16f234584994c0812f639e4c17b1b557a4e71cf39f7d69a700469",
    "https://deno.land/x/itertools@v1.0.2/types.ts": "4fe1eda3d8e2f784f4b3c612cc7919ac2600c6c4abe72cf81b90326078cc5f1a",
    "https://deno.land/x/itertools@v1.0.2/utils.ts": "6ef37b728b733a8b30e241cbc6992329d54579c27e24b9f225b90a622fd00656",
    "https://deno.land/x/redux_transform_stream@1.0.1/mod.ts": "fc6bb7d0e49833f5fb7839ed47f54764fa0d311206827d1e49d3f30122750b29",
    "https://deno.land/x/terminal@0.1.0-dev.3/src/escape_sequences.ts": "a99e6fea137f6829df0e5040ffcad7d7819ffaf43226a36ab66460bf5093d6f5",
    "https://deno.land/x/terminal@0.1.0-dev.3/src/util.ts": "08e2565d0f42365c9d5625807f339b1fc24e2aa1fcedf6bbda35996e184e581c",
    "https://deno.land/x/tick@v1.0.0/mod.ts": "79da09e6b93fe79a8a3f54fe828615e98d0d659414fc4686235dd709fb5162be",
    "https://esm.sh/@reduxjs/toolkit?target=deno": "26d0ac5ab3108e4ca80ea422ef3c58e66de5418c6d306be710027ef6357829da"
  }
}
